
Microsoft Visual Studio Solution File, Format Version 11.00
# Visual Studio 2010
Project("{FAE04EC0-301F-11D3-BF4B-00C04F79EFBC}") = "Ushahidi.Library", "Ushahidi.Library\Ushahidi.Library.csproj", "{A15530F2-3458-4FEF-99F9-A950C60DB189}"
EndProject
Project("{FAE04EC0-301F-11D3-BF4B-00C04F79EFBC}") = "Ushahidi", "Ushahidi\Ushahidi.csproj", "{C9897E42-59FF-4BA5-9331-587E40E64BE2}"
EndProject
Global
	GlobalSection(SolutionConfigurationPlatforms) = preSolution
		Debug|Any CPU = Debug|Any CPU
		Release|Any CPU = Release|Any CPU
	EndGlobalSection
	GlobalSection(ProjectConfigurationPlatforms) = postSolution
		{A15530F2-3458-4FEF-99F9-A950C60DB189}.Debug|Any CPU.ActiveCfg = Release|Any CPU
		{A15530F2-3458-4FEF-99F9-A950C60DB189}.Debug|Any CPU.Build.0 = Release|Any CPU
		{A15530F2-3458-4FEF-99F9-A950C60DB189}.Release|Any CPU.ActiveCfg = Release|Any CPU
		{A15530F2-3458-4FEF-99F9-A950C60DB189}.Release|Any CPU.Build.0 = Release|Any CPU
		{C9897E42-59FF-4BA5-9331-587E40E64BE2}.Debug|Any CPU.ActiveCfg = Release|Any CPU
		{C9897E42-59FF-4BA5-9331-587E40E64BE2}.Debug|Any CPU.Build.0 = Release|Any CPU
		{C9897E42-59FF-4BA5-9331-587E40E64BE2}.Release|Any CPU.ActiveCfg = Release|Any CPU
		{C9897E42-59FF-4BA5-9331-587E40E64BE2}.Release|Any CPU.Build.0 = Release|Any CPU
		{C9897E42-59FF-4BA5-9331-587E40E64BE2}.Release|Any CPU.Deploy.0 = Release|Any CPU
	EndGlobalSection
	GlobalSection(SolutionProperties) = preSolution
		HideSolutionNode = FALSE
	EndGlobalSection
EndGlobal
